// !$*UTF8*$!
{
	archiveVersion = 1;
	classes = {
	};
	objectVersion = 46;
	objects = {

/* Begin PBXBuildFile section */
		B63B85C61C46900500480520 /* AppDelegate.swift in Sources */ = {isa = PBXBuildFile; fileRef = B63B85C51C46900500480520 /* AppDelegate.swift */; };
		B63B85C81C46900500480520 /* ViewController.swift in Sources */ = {isa = PBXBuildFile; fileRef = B63B85C71C46900500480520 /* ViewController.swift */; };
		B63B85CB1C46900500480520 /* Main.storyboard in Resources */ = {isa = PBXBuildFile; fileRef = B63B85C91C46900500480520 /* Main.storyboard */; };
		B63B85CE1C46900500480520 /* LxProjectTemplateDemo.xcdatamodeld in Sources */ = {isa = PBXBuildFile; fileRef = B63B85CC1C46900500480520 /* LxProjectTemplateDemo.xcdatamodeld */; };
		B63B85D01C46900500480520 /* Assets.xcassets in Resources */ = {isa = PBXBuildFile; fileRef = B63B85CF1C46900500480520 /* Assets.xcassets */; };
		B63B85D31C46900500480520 /* LaunchScreen.storyboard in Resources */ = {isa = PBXBuildFile; fileRef = B63B85D11C46900500480520 /* LaunchScreen.storyboard */; };
		B63B85DE1C46900500480520 /* LxProjectTemplateDemoTests.swift in Sources */ = {isa = PBXBuildFile; fileRef = B63B85DD1C46900500480520 /* LxProjectTemplateDemoTests.swift */; };
		B63B85E91C46900500480520 /* LxProjectTemplateDemoUITests.swift in Sources */ = {isa = PBXBuildFile; fileRef = B63B85E81C46900500480520 /* LxProjectTemplateDemoUITests.swift */; };
		E8145BA1B1C937571D812376 /* Pods_LxProjectTemplateDemo.framework in Frameworks */ = {isa = PBXBuildFile; fileRef = 318EB655B602D357EE9274A4 /* Pods_LxProjectTemplateDemo.framework */; };
/* End PBXBuildFile section */

/* Begin PBXContainerItemProxy section */
		B63B85DA1C46900500480520 /* PBXContainerItemProxy */ = {
			isa = PBXContainerItemProxy;
			containerPortal = B63B85BA1C46900500480520 /* Project object */;
			proxyType = 1;
			remoteGlobalIDString = B63B85C11C46900500480520;
			remoteInfo = LxProjectTemplateDemo;
		};
		B63B85E51C46900500480520 /* PBXContainerItemProxy */ = {
			isa = PBXContainerItemProxy;
			containerPortal = B63B85BA1C46900500480520 /* Project object */;
			proxyType = 1;
			remoteGlobalIDString = B63B85C11C46900500480520;
			remoteInfo = LxProjectTemplateDemo;
		};
/* End PBXContainerItemProxy section */

/* Begin PBXFileReference section */
		318EB655B602D357EE9274A4 /* Pods_LxProjectTemplateDemo.framework */ = {isa = PBXFileReference; explicitFileType = wrapper.framework; includeInIndex = 0; path = Pods_LxProjectTemplateDemo.framework; sourceTree = BUILT_PRODUCTS_DIR; };
		5AD98C258C1C892DB5FF7EBE /* Pods-LxProjectTemplateDemo.release.xcconfig */ = {isa = PBXFileReference; includeInIndex = 1; lastKnownFileType = text.xcconfig; name = "Pods-LxProjectTemplateDemo.release.xcconfig"; path = "Pods/Target Support Files/Pods-LxProjectTemplateDemo/Pods-LxProjectTemplateDemo.release.xcconfig"; sourceTree = "<group>"; };
		B63B85C21C46900500480520 /* LxProjectTemplateDemo.app */ = {isa = PBXFileReference; explicitFileType = wrapper.application; includeInIndex = 0; path = LxProjectTemplateDemo.app; sourceTree = BUILT_PRODUCTS_DIR; };
		B63B85C51C46900500480520 /* AppDelegate.swift */ = {isa = PBXFileReference; lastKnownFileType = sourcecode.swift; path = AppDelegate.swift; sourceTree = "<group>"; };
		B63B85C71C46900500480520 /* ViewController.swift */ = {isa = PBXFileReference; lastKnownFileType = sourcecode.swift; path = ViewController.swift; sourceTree = "<group>"; };
		B63B85CA1C46900500480520 /* Base */ = {isa = PBXFileReference; lastKnownFileType = file.storyboard; name = Base; path = Base.lproj/Main.storyboard; sourceTree = "<group>"; };
		B63B85CD1C46900500480520 /* LxProjectTemplateDemo.xcdatamodel */ = {isa = PBXFileReference; lastKnownFileType = wrapper.xcdatamodel; path = LxProjectTemplateDemo.xcdatamodel; sourceTree = "<group>"; };
		B63B85CF1C46900500480520 /* Assets.xcassets */ = {isa = PBXFileReference; lastKnownFileType = folder.assetcatalog; path = Assets.xcassets; sourceTree = "<group>"; };
		B63B85D21C46900500480520 /* Base */ = {isa = PBXFileReference; lastKnownFileType = file.storyboard; name = Base; path = Base.lproj/LaunchScreen.storyboard; sourceTree = "<group>"; };
		B63B85D41C46900500480520 /* Info.plist */ = {isa = PBXFileReference; lastKnownFileType = text.plist.xml; path = Info.plist; sourceTree = "<group>"; };
		B63B85D91C46900500480520 /* LxProjectTemplateDemoTests.xctest */ = {isa = PBXFileReference; explicitFileType = wrapper.cfbundle; includeInIndex = 0; path = LxProjectTemplateDemoTests.xctest; sourceTree = BUILT_PRODUCTS_DIR; };
		B63B85DD1C46900500480520 /* LxProjectTemplateDemoTests.swift */ = {isa = PBXFileReference; lastKnownFileType = sourcecode.swift; path = LxProjectTemplateDemoTests.swift; sourceTree = "<group>"; };
		B63B85DF1C46900500480520 /* Info.plist */ = {isa = PBXFileReference; lastKnownFileType = text.plist.xml; path = Info.plist; sourceTree = "<group>"; };
		B63B85E41C46900500480520 /* LxProjectTemplateDemoUITests.xctest */ = {isa = PBXFileReference; explicitFileType = wrapper.cfbundle; includeInIndex = 0; path = LxProjectTemplateDemoUITests.xctest; sourceTree = BUILT_PRODUCTS_DIR; };
		B63B85E81C46900500480520 /* LxProjectTemplateDemoUITests.swift */ = {isa = PBXFileReference; lastKnownFileType = sourcecode.swift; path = LxProjectTemplateDemoUITests.swift; sourceTree = "<group>"; };
		B63B85EA1C46900500480520 /* Info.plist */ = {isa = PBXFileReference; lastKnownFileType = text.plist.xml; path = Info.plist; sourceTree = "<group>"; };
		CAC825F9BFF2A75DDA16E647 /* Pods-LxProjectTemplateDemo.debug.xcconfig */ = {isa = PBXFileReference; includeInIndex = 1; lastKnownFileType = text.xcconfig; name = "Pods-LxProjectTemplateDemo.debug.xcconfig"; path = "Pods/Target Support Files/Pods-LxProjectTemplateDemo/Pods-LxProjectTemplateDemo.debug.xcconfig"; sourceTree = "<group>"; };
/* End PBXFileReference section */

/* Begin PBXFrameworksBuildPhase section */
		B63B85BF1C46900500480520 /* Frameworks */ = {
			isa = PBXFrameworksBuildPhase;
			buildActionMask = 2147483647;
			files = (
				E8145BA1B1C937571D812376 /* Pods_LxProjectTemplateDemo.framework in Frameworks */,
			);
			runOnlyForDeploymentPostprocessing = 0;
		};
		B63B85D61C46900500480520 /* Frameworks */ = {
			isa = PBXFrameworksBuildPhase;
			buildActionMask = 2147483647;
			files = (
			);
			runOnlyForDeploymentPostprocessing = 0;
		};
		B63B85E11C46900500480520 /* Frameworks */ = {
			isa = PBXFrameworksBuildPhase;
			buildActionMask = 2147483647;
			files = (
			);
			runOnlyForDeploymentPostprocessing = 0;
		};
/* End PBXFrameworksBuildPhase section */

/* Begin PBXGroup section */
		6D079E449A80C8270C4BAABE /* Frameworks */ = {
			isa = PBXGroup;
			children = (
				318EB655B602D357EE9274A4 /* Pods_LxProjectTemplateDemo.framework */,
			);
			name = Frameworks;
			sourceTree = "<group>";
		};
		A36B5ABB487B3F2718110E11 /* Pods */ = {
			isa = PBXGroup;
			children = (
				CAC825F9BFF2A75DDA16E647 /* Pods-LxProjectTemplateDemo.debug.xcconfig */,
				5AD98C258C1C892DB5FF7EBE /* Pods-LxProjectTemplateDemo.release.xcconfig */,
			);
			name = Pods;
			sourceTree = "<group>";
		};
		B63B85B91C46900500480520 = {
			isa = PBXGroup;
			children = (
				B63B85C41C46900500480520 /* LxProjectTemplateDemo */,
				B63B85DC1C46900500480520 /* LxProjectTemplateDemoTests */,
				B63B85E71C46900500480520 /* LxProjectTemplateDemoUITests */,
				B63B85C31C46900500480520 /* Products */,
				A36B5ABB487B3F2718110E11 /* Pods */,
				6D079E449A80C8270C4BAABE /* Frameworks */,
			);
			sourceTree = "<group>";
		};
		B63B85C31C46900500480520 /* Products */ = {
			isa = PBXGroup;
			children = (
				B63B85C21C46900500480520 /* LxProjectTemplateDemo.app */,
				B63B85D91C46900500480520 /* LxProjectTemplateDemoTests.xctest */,
				B63B85E41C46900500480520 /* LxProjectTemplateDemoUITests.xctest */,
			);
			name = Products;
			sourceTree = "<group>";
		};
		B63B85C41C46900500480520 /* LxProjectTemplateDemo */ = {
			isa = PBXGroup;
			children = (
				B63B85C51C46900500480520 /* AppDelegate.swift */,
				B63B85C71C46900500480520 /* ViewController.swift */,
				B63B85C91C46900500480520 /* Main.storyboard */,
				B63B85CF1C46900500480520 /* Assets.xcassets */,
				B63B85D11C46900500480520 /* LaunchScreen.storyboard */,
				B63B85D41C46900500480520 /* Info.plist */,
				B63B85CC1C46900500480520 /* LxProjectTemplateDemo.xcdatamodeld */,
			);
			path = LxProjectTemplateDemo;
			sourceTree = "<group>";
		};
		B63B85DC1C46900500480520 /* LxProjectTemplateDemoTests */ = {
			isa = PBXGroup;
			children = (
				B63B85DD1C46900500480520 /* LxProjectTemplateDemoTests.swift */,
				B63B85DF1C46900500480520 /* Info.plist */,
			);
			path = LxProjectTemplateDemoTests;
			sourceTree = "<group>";
		};
		B63B85E71C46900500480520 /* LxProjectTemplateDemoUITests */ = {
			isa = PBXGroup;
			children = (
				B63B85E81C46900500480520 /* LxProjectTemplateDemoUITests.swift */,
				B63B85EA1C46900500480520 /* Info.plist */,
			);
			path = LxProjectTemplateDemoUITests;
			sourceTree = "<group>";
		};
/* End PBXGroup section */

/* Begin PBXNativeTarget section */
		B63B85C11C46900500480520 /* LxProjectTemplateDemo */ = {
			isa = PBXNativeTarget;
			buildConfigurationList = B63B85ED1C46900500480520 /* Build configuration list for PBXNativeTarget "LxProjectTemplateDemo" */;
			buildPhases = (
				0E4FE5115318B4C72A376708 /* Check Pods Manifest.lock */,
				B63B85BE1C46900500480520 /* Sources */,
				B63B85BF1C46900500480520 /* Frameworks */,
				B63B85C01C46900500480520 /* Resources */,
				4BCBB0304D76471C090E4F49 /* Embed Pods Frameworks */,
				1AA954DAFBF153CC3B91D012 /* Copy Pods Resources */,
			);
			buildRules = (
			);
			dependencies = (
			);
			name = LxProjectTemplateDemo;
			productName = LxProjectTemplateDemo;
			productReference = B63B85C21C46900500480520 /* LxProjectTemplateDemo.app */;
			productType = "com.apple.product-type.application";
		};
		B63B85D81C46900500480520 /* LxProjectTemplateDemoTests */ = {
			isa = PBXNativeTarget;
			buildConfigurationList = B63B85F01C46900500480520 /* Build configuration list for PBXNativeTarget "LxProjectTemplateDemoTests" */;
			buildPhases = (
				B63B85D51C46900500480520 /* Sources */,
				B63B85D61C46900500480520 /* Frameworks */,
				B63B85D71C46900500480520 /* Resources */,
			);
			buildRules = (
			);
			dependencies = (
				B63B85DB1C46900500480520 /* PBXTargetDependency */,
			);
			name = LxProjectTemplateDemoTests;
			productName = LxProjectTemplateDemoTests;
			productReference = B63B85D91C46900500480520 /* LxProjectTemplateDemoTests.xctest */;
			productType = "com.apple.product-type.bundle.unit-test";
		};
		B63B85E31C46900500480520 /* LxProjectTemplateDemoUITests */ = {
			isa = PBXNativeTarget;
			buildConfigurationList = B63B85F31C46900500480520 /* Build configuration list for PBXNativeTarget "LxProjectTemplateDemoUITests" */;
			buildPhases = (
				B63B85E01C46900500480520 /* Sources */,
				B63B85E11C46900500480520 /* Frameworks */,
				B63B85E21C46900500480520 /* Resources */,
			);
			buildRules = (
			);
			dependencies = (
				B63B85E61C46900500480520 /* PBXTargetDependency */,
			);
			name = LxProjectTemplateDemoUITests;
			productName = LxProjectTemplateDemoUITests;
			productReference = B63B85E41C46900500480520 /* LxProjectTemplateDemoUITests.xctest */;
			productType = "com.apple.product-type.bundle.ui-testing";
		};
/* End PBXNativeTarget section */

/* Begin PBXProject section */
		B63B85BA1C46900500480520 /* Project object */ = {
			isa = PBXProject;
			attributes = {
				LastSwiftUpdateCheck = 0720;
				LastUpgradeCheck = 0720;
				ORGANIZATIONNAME = DeveloperLx;
				TargetAttributes = {
					B63B85C11C46900500480520 = {
						CreatedOnToolsVersion = 7.2;
					};
					B63B85D81C46900500480520 = {
						CreatedOnToolsVersion = 7.2;
						TestTargetID = B63B85C11C46900500480520;
					};
					B63B85E31C46900500480520 = {
						CreatedOnToolsVersion = 7.2;
						TestTargetID = B63B85C11C46900500480520;
					};
				};
			};
			buildConfigurationList = B63B85BD1C46900500480520 /* Build configuration list for PBXProject "LxProjectTemplateDemo" */;
			compatibilityVersion = "Xcode 3.2";
			developmentRegion = English;
			hasScannedForEncodings = 0;
			knownRegions = (
				en,
				Base,
			);
			mainGroup = B63B85B91C46900500480520;
			productRefGroup = B63B85C31C46900500480520 /* Products */;
			projectDirPath = "";
			projectRoot = "";
			targets = (
				B63B85C11C46900500480520 /* LxProjectTemplateDemo */,
				B63B85D81C46900500480520 /* LxProjectTemplateDemoTests */,
				B63B85E31C46900500480520 /* LxProjectTemplateDemoUITests */,
			);
		};
/* End PBXProject section */

/* Begin PBXResourcesBuildPhase section */
		B63B85C01C46900500480520 /* Resources */ = {
			isa = PBXResourcesBuildPhase;
			buildActionMask = 2147483647;
			files = (
				B63B85D31C46900500480520 /* LaunchScreen.storyboard in Resources */,
				B63B85D01C46900500480520 /* Assets.xcassets in Resources */,
				B63B85CB1C46900500480520 /* Main.storyboard in Resources */,
			);
			runOnlyForDeploymentPostprocessing = 0;
		};
		B63B85D71C46900500480520 /* Resources */ = {
			isa = PBXResourcesBuildPhase;
			buildActionMask = 2147483647;
			files = (
			);
			runOnlyForDeploymentPostprocessing = 0;
		};
		B63B85E21C46900500480520 /* Resources */ = {
			isa = PBXResourcesBuildPhase;
			buildActionMask = 2147483647;
			files = (
			);
			runOnlyForDeploymentPostprocessing = 0;
		};
/* End PBXResourcesBuildPhase section */

/* Begin PBXShellScriptBuildPhase section */
		0E4FE5115318B4C72A376708 /* Check Pods Manifest.lock */ = {
			isa = PBXShellScriptBuildPhase;
			buildActionMask = 2147483647;
			files = (
			);
			inputPaths = (
			);
			name = "Check Pods Manifest.lock";
			outputPaths = (
			);
			runOnlyForDeploymentPostprocessing = 0;
			shellPath = /bin/sh;
			shellScript = "diff \"${PODS_ROOT}/../Podfile.lock\" \"${PODS_ROOT}/Manifest.lock\" > /dev/null\nif [[ $? != 0 ]] ; then\n    cat << EOM\nerror: The sandbox is not in sync with the Podfile.lock. Run 'pod install' or update your CocoaPods installation.\nEOM\n    exit 1\nfi\n";
			showEnvVarsInLog = 0;
		};
		1AA954DAFBF153CC3B91D012 /* Copy Pods Resources */ = {
			isa = PBXShellScriptBuildPhase;
			buildActionMask = 2147483647;
			files = (
			);
			inputPaths = (
			);
			name = "Copy Pods Resources";
			outputPaths = (
			);
			runOnlyForDeploymentPostprocessing = 0;
			shellPath = /bin/sh;
			shellScript = "\"${SRCROOT}/Pods/Target Support Files/Pods-LxProjectTemplateDemo/Pods-LxProjectTemplateDemo-resources.sh\"\n";
			showEnvVarsInLog = 0;
		};
		4BCBB0304D76471C090E4F49 /* Embed Pods Frameworks */ = {
			isa = PBXShellScriptBuildPhase;
			buildActionMask = 2147483647;
			files = (
			);
			inputPaths = (
			);
			name = "Embed Pods Frameworks";
			outputPaths = (
			);
			runOnlyForDeploymentPostprocessing = 0;
			shellPath = /bin/sh;
			shellScript = "\"${SRCROOT}/Pods/Target Support Files/Pods-LxProjectTemplateDemo/Pods-LxProjectTemplateDemo-frameworks.sh\"\n";
			showEnvVarsInLog = 0;
		};
/* End PBXShellScriptBuildPhase section */

/* Begin PBXSourcesBuildPhase section */
		B63B85BE1C46900500480520 /* Sources */ = {
			isa = PBXSourcesBuildPhase;
			buildActionMask = 2147483647;
			files = (
				B63B85C81C46900500480520 /* ViewController.swift in Sources */,
				B63B85C61C46900500480520 /* AppDelegate.swift in Sources */,
				B63B85CE1C46900500480520 /* LxProjectTemplateDemo.xcdatamodeld in Sources */,
			);
			runOnlyForDeploymentPostprocessing = 0;
		};
		B63B85D51C46900500480520 /* Sources */ = {
			isa = PBXSourcesBuildPhase;
			buildActionMask = 2147483647;
			files = (
				B63B85DE1C46900500480520 /* LxProjectTemplateDemoTests.swift in Sources */,
			);
			runOnlyForDeploymentPostprocessing = 0;
		};
		B63B85E01C46900500480520 /* Sources */ = {
			isa = PBXSourcesBuildPhase;
			buildActionMask = 2147483647;
			files = (
				B63B85E91C46900500480520 /* LxProjectTemplateDemoUITests.swift in Sources */,
			);
			runOnlyForDeploymentPostprocessing = 0;
		};
/* End PBXSourcesBuildPhase section */

/* Begin PBXTargetDependency section */
		B63B85DB1C46900500480520 /* PBXTargetDependency */ = {
			isa = PBXTargetDependency;
			target = B63B85C11C46900500480520 /* LxProjectTemplateDemo */;
			targetProxy = B63B85DA1C46900500480520 /* PBXContainerItemProxy */;
		};
		B63B85E61C46900500480520 /* PBXTargetDependency */ = {
			isa = PBXTargetDependency;
			target = B63B85C11C46900500480520 /* LxProjectTemplateDemo */;
			targetProxy = B63B85E51C46900500480520 /* PBXContainerItemProxy */;
		};
/* End PBXTargetDependency section */

/* Begin PBXVariantGroup section */
		B63B85C91C46900500480520 /* Main.storyboard */ = {
			isa = PBXVariantGroup;
			children = (
				B63B85CA1C46900500480520 /* Base */,
			);
			name = Main.storyboard;
			sourceTree = "<group>";
		};
		B63B85D11C46900500480520 /* LaunchScreen.storyboard */ = {
			isa = PBXVariantGroup;
			children = (
				B63B85D21C46900500480520 /* Base */,
			);
			name = LaunchScreen.storyboard;
			sourceTree = "<group>";
		};
/* End PBXVariantGroup section */

/* Begin XCBuildConfiguration section */
		B63B85EB1C46900500480520 /* Debug */ = {
			isa = XCBuildConfiguration;
			buildSettings = {
				ALWAYS_SEARCH_USER_PATHS = NO;
				CLANG_CXX_LANGUAGE_STANDARD = "gnu++0x";
				CLANG_CXX_LIBRARY = "libc++";
				CLANG_ENABLE_MODULES = YES;
				CLANG_ENABLE_OBJC_ARC = YES;
				CLANG_WARN_BOOL_CONVERSION = YES;
				CLANG_WARN_CONSTANT_CONVERSION = YES;
				CLANG_WARN_DIRECT_OBJC_ISA_USAGE = YES_ERROR;
				CLANG_WARN_EMPTY_BODY = YES;
				CLANG_WARN_ENUM_CONVERSION = YES;
				CLANG_WARN_INT_CONVERSION = YES;
				CLANG_WARN_OBJC_ROOT_CLASS = YES_ERROR;
				CLANG_WARN_UNREACHABLE_CODE = YES;
				CLANG_WARN__DUPLICATE_METHOD_MATCH = YES;
				"CODE_SIGN_IDENTITY[sdk=iphoneos*]" = "iPhone Developer";
				COPY_PHASE_STRIP = NO;
				DEBUG_INFORMATION_FORMAT = dwarf;
				ENABLE_STRICT_OBJC_MSGSEND = YES;
				ENABLE_TESTABILITY = YES;
				GCC_C_LANGUAGE_STANDARD = gnu99;
				GCC_DYNAMIC_NO_PIC = NO;
				GCC_NO_COMMON_BLOCKS = YES;
				GCC_OPTIMIZATION_LEVEL = 0;
				GCC_PREPROCESSOR_DEFINITIONS = (
					"DEBUG=1",
					"$(inherited)",
				);
				GCC_WARN_64_TO_32_BIT_CONVERSION = YES;
				GCC_WARN_ABOUT_RETURN_TYPE = YES_ERROR;
				GCC_WARN_UNDECLARED_SELECTOR = YES;
				GCC_WARN_UNINITIALIZED_AUTOS = YES_AGGRESSIVE;
				GCC_WARN_UNUSED_FUNCTION = YES;
				GCC_WARN_UNUSED_VARIABLE = YES;
				IPHONEOS_DEPLOYMENT_TARGET = 8.0;
				MTL_ENABLE_DEBUG_INFO = YES;
				ONLY_ACTIVE_ARCH = YES;
				SDKROOT = iphoneos;
				SWIFT_OPTIMIZATION_LEVEL = "-Onone";
				TARGETED_DEVICE_FAMILY = "1,2";
			};
			name = Debug;
		};
		B63B85EC1C46900500480520 /* Release */ = {
			isa = XCBuildConfiguration;
			buildSettings = {
				ALWAYS_SEARCH_USER_PATHS = NO;
				CLANG_CXX_LANGUAGE_STANDARD = "gnu++0x";
				CLANG_CXX_LIBRARY = "libc++";
				CLANG_ENABLE_MODULES = YES;
				CLANG_ENABLE_OBJC_ARC = YES;
				CLANG_WARN_BOOL_CONVERSION = YES;
				CLANG_WARN_CONSTANT_CONVERSION = YES;
				CLANG_WARN_DIRECT_OBJC_ISA_USAGE = YES_ERROR;
				CLANG_WARN_EMPTY_BODY = YES;
				CLANG_WARN_ENUM_CONVERSION = YES;
				CLANG_WARN_INT_CONVERSION = YES;
				CLANG_WARN_OBJC_ROOT_CLASS = YES_ERROR;
				CLANG_WARN_UNREACHABLE_CODE = YES;
				CLANG_WARN__DUPLICATE_METHOD_MATCH = YES;
				"CODE_SIGN_IDENTITY[sdk=iphoneos*]" = "iPhone Developer";
				COPY_PHASE_STRIP = NO;
				DEBUG_INFORMATION_FORMAT = "dwarf-with-dsym";
				ENABLE_NS_ASSERTIONS = NO;
				ENABLE_STRICT_OBJC_MSGSEND = YES;
				GCC_C_LANGUAGE_STANDARD = gnu99;
				GCC_NO_COMMON_BLOCKS = YES;
				GCC_WARN_64_TO_32_BIT_CONVERSION = YES;
				GCC_WARN_ABOUT_RETURN_TYPE = YES_ERROR;
				GCC_WARN_UNDECLARED_SELECTOR = YES;
				GCC_WARN_UNINITIALIZED_AUTOS = YES_AGGRESSIVE;
				GCC_WARN_UNUSED_FUNCTION = YES;
				GCC_WARN_UNUSED_VARIABLE = YES;
				IPHONEOS_DEPLOYMENT_TARGET = 8.0;
				MTL_ENABLE_DEBUG_INFO = NO;
				SDKROOT = iphoneos;
				TARGETED_DEVICE_FAMILY = "1,2";
				VALIDATE_PRODUCT = YES;
			};
			name = Release;
		};
		B63B85EE1C46900500480520 /* Debug */ = {
			isa = XCBuildConfiguration;
			baseConfigurationReference = CAC825F9BFF2A75DDA16E647 /* Pods-LxProjectTemplateDemo.debug.xcconfig */;
			buildSettings = {
				ASSETCATALOG_COMPILER_APPICON_NAME = AppIcon;
				INFOPLIST_FILE = LxProjectTemplateDemo/Info.plist;
				LD_RUNPATH_SEARCH_PATHS = "$(inherited) @executable_path/Frameworks";
				PRODUCT_BUNDLE_IDENTIFIER = DeveloperLx.LxProjectTemplateDemo;
				PRODUCT_NAME = "$(TARGET_NAME)";
			};
			name = Debug;
		};
		B63B85EF1C46900500480520 /* Release */ = {
			isa = XCBuildConfiguration;
			baseConfigurationReference = 5AD98C258C1C892DB5FF7EBE /* Pods-LxProjectTemplateDemo.release.xcconfig */;
			buildSettings = {
				ASSETCATALOG_COMPILER_APPICON_NAME = AppIcon;
				INFOPLIST_FILE = LxProjectTemplateDemo/Info.plist;
				LD_RUNPATH_SEARCH_PATHS = "$(inherited) @executable_path/Frameworks";
				PRODUCT_BUNDLE_IDENTIFIER = DeveloperLx.LxProjectTemplateDemo;
				PRODUCT_NAME = "$(TARGET_NAME)";
			};
			name = Release;
		};
		B63B85F11C46900500480520 /* Debug */ = {
			isa = XCBuildConfiguration;
			buildSettings = {
				BUNDLE_LOADER = "$(TEST_HOST)";
				INFOPLIST_FILE = LxProjectTemplateDemoTests/Info.plist;
				LD_RUNPATH_SEARCH_PATHS = "$(inherited) @executable_path/Frameworks @loader_path/Frameworks";
				PRODUCT_BUNDLE_IDENTIFIER = DeveloperLx.LxProjectTemplateDemoTests;
				PRODUCT_NAME = "$(TARGET_NAME)";
				TEST_HOST = "$(BUILT_PRODUCTS_DIR)/LxProjectTemplateDemo.app/LxProjectTemplateDemo";
			};
			name = Debug;
		};
		B63B85F21C46900500480520 /* Release */ = {
			isa = XCBuildConfiguration;
			buildSettings = {
				BUNDLE_LOADER = "$(TEST_HOST)";
				INFOPLIST_FILE = LxProjectTemplateDemoTests/Info.plist;
				LD_RUNPATH_SEARCH_PATHS = "$(inherited) @executable_path/Frameworks @loader_path/Frameworks";
				PRODUCT_BUNDLE_IDENTIFIER = DeveloperLx.LxProjectTemplateDemoTests;
				PRODUCT_NAME = "$(TARGET_NAME)";
				TEST_HOST = "$(BUILT_PRODUCTS_DIR)/LxProjectTemplateDemo.app/LxProjectTemplateDemo";
			};
			name = Release;
		};
		B63B85F41C46900500480520 /* Debug */ = {
			isa = XCBuildConfiguration;
			buildSettings = {
				INFOPLIST_FILE = LxProjectTemplateDemoUITests/Info.plist;
				LD_RUNPATH_SEARCH_PATHS = "$(inherited) @executable_path/Frameworks @loader_path/Frameworks";
				PRODUCT_BUNDLE_IDENTIFIER = DeveloperLx.LxProjectTemplateDemoUITests;
				PRODUCT_NAME = "$(TARGET_NAME)";
				TEST_TARGET_NAME = LxProjectTemplateDemo;
				USES_XCTRUNNER = YES;
			};
			name = Debug;
		};
		B63B85F51C46900500480520 /* Release */ = {
			isa = XCBuildConfiguration;
			buildSettings = {
				INFOPLIST_FILE = LxProjectTemplateDemoUITests/Info.plist;
				LD_RUNPATH_SEARCH_PATHS = "$(inherited) @executable_path/Frameworks @loader_path/Frameworks";
				PRODUCT_BUNDLE_IDENTIFIER = DeveloperLx.LxProjectTemplateDemoUITests;
				PRODUCT_NAME = "$(TARGET_NAME)";
				TEST_TARGET_NAME = LxProjectTemplateDemo;
				USES_XCTRUNNER = YES;
			};
			name = Release;
		};
/* End XCBuildConfiguration section */

/* Begin XCConfigurationList section */
		B63B85BD1C46900500480520 /* Build configuration list for PBXProject "LxProjectTemplateDemo" */ = {
			isa = XCConfigurationList;
			buildConfigurations = (
				B63B85EB1C46900500480520 /* Debug */,
				B63B85EC1C46900500480520 /* Release */,
			);
			defaultConfigurationIsVisible = 0;
			defaultConfigurationName = Release;
		};
		B63B85ED1C46900500480520 /* Build configuration list for PBXNativeTarget "LxProjectTemplateDemo" */ = {
			isa = XCConfigurationList;
			buildConfigurations = (
				B63B85EE1C46900500480520 /* Debug */,
				B63B85EF1C46900500480520 /* Release */,
			);
			defaultConfigurationIsVisible = 0;
			defaultConfigurationName = Release;
		};
		B63B85F01C46900500480520 /* Build configuration list for PBXNativeTarget "LxProjectTemplateDemoTests" */ = {
			isa = XCConfigurationList;
			buildConfigurations = (
				B63B85F11C46900500480520 /* Debug */,
				B63B85F21C46900500480520 /* Release */,
			);
			defaultConfigurationIsVisible = 0;
			defaultConfigurationName = Release;
		};
		B63B85F31C46900500480520 /* Build configuration list for PBXNativeTarget "LxProjectTemplateDemoUITests" */ = {
			isa = XCConfigurationList;
			buildConfigurations = (
				B63B85F41C46900500480520 /* Debug */,
				B63B85F51C46900500480520 /* Release */,
			);
			defaultConfigurationIsVisible = 0;
			defaultConfigurationName = Release;
		};
/* End XCConfigurationList section */

/* Begin XCVersionGroup section */
		B63B85CC1C46900500480520 /* LxProjectTemplateDemo.xcdatamodeld */ = {
			isa = XCVersionGroup;
			children = (
				B63B85CD1C46900500480520 /* LxProjectTemplateDemo.xcdatamodel */,
			);
			currentVersion = B63B85CD1C46900500480520 /* LxProjectTemplateDemo.xcdatamodel */;
			path = LxProjectTemplateDemo.xcdatamodeld;
			sourceTree = "<group>";
			versionGroupType = wrapper.xcdatamodel;
		};
/* End XCVersionGroup section */
	};
	rootObject = B63B85BA1C46900500480520 /* Project object */;
}
